
Microsoft Visual Studio Solution File, Format Version 12.00
# Visual Studio Version 16
VisualStudioVersion = 16.0.30114.128
MinimumVisualStudioVersion = 10.0.40219.1
Project("{2150E333-8FDC-42A3-9474-1A3956D46DE8}") = "Clients", "Clients", "{3568D14B-EA8C-4B75-92DB-EA078E3559A1}"
EndProject
Project("{2150E333-8FDC-42A3-9474-1A3956D46DE8}") = "Web", "Web", "{814EDAA8-29D6-4FA3-AD2F-7E4CA3A010FC}"
EndProject
Project("{2150E333-8FDC-42A3-9474-1A3956D46DE8}") = "Backoffice", "Backoffice", "{DF4E43C3-0425-4BD7-BBF0-ED79A94C0BC3}"
EndProject
Project("{2150E333-8FDC-42A3-9474-1A3956D46DE8}") = "API", "API", "{79BB3579-86AD-4851-9DC8-E05B7D1D49ED}"
EndProject
Project("{2150E333-8FDC-42A3-9474-1A3956D46DE8}") = "Modules", "Modules", "{6BCC12F4-51E8-4598-87E4-8D15924F686E}"
EndProject
Project("{9A19103F-16F7-4668-BE54-9A1E7A4F7556}") = "SkiResortManager.Backoffice", "Clients\Web\Backoffice\SkiResortManager.Backoffice.csproj", "{96D136D7-6F1D-46F9-AE2D-617EABCD9773}"
EndProject
Project("{9A19103F-16F7-4668-BE54-9A1E7A4F7556}") = "SkiResortManager.API", "API\SkiResortManager.API.csproj", "{E3B414AD-88AE-49A9-AF69-5D75E34BCBF2}"
EndProject
Global
	GlobalSection(SolutionConfigurationPlatforms) = preSolution
		Debug|Any CPU = Debug|Any CPU
		Release|Any CPU = Release|Any CPU
	EndGlobalSection
	GlobalSection(ProjectConfigurationPlatforms) = postSolution
		{96D136D7-6F1D-46F9-AE2D-617EABCD9773}.Debug|Any CPU.ActiveCfg = Debug|Any CPU
		{96D136D7-6F1D-46F9-AE2D-617EABCD9773}.Debug|Any CPU.Build.0 = Debug|Any CPU
		{96D136D7-6F1D-46F9-AE2D-617EABCD9773}.Release|Any CPU.ActiveCfg = Release|Any CPU
		{96D136D7-6F1D-46F9-AE2D-617EABCD9773}.Release|Any CPU.Build.0 = Release|Any CPU
		{E3B414AD-88AE-49A9-AF69-5D75E34BCBF2}.Debug|Any CPU.ActiveCfg = Debug|Any CPU
		{E3B414AD-88AE-49A9-AF69-5D75E34BCBF2}.Debug|Any CPU.Build.0 = Debug|Any CPU
		{E3B414AD-88AE-49A9-AF69-5D75E34BCBF2}.Release|Any CPU.ActiveCfg = Release|Any CPU
		{E3B414AD-88AE-49A9-AF69-5D75E34BCBF2}.Release|Any CPU.Build.0 = Release|Any CPU
	EndGlobalSection
	GlobalSection(SolutionProperties) = preSolution
		HideSolutionNode = FALSE
	EndGlobalSection
	GlobalSection(NestedProjects) = preSolution
		{814EDAA8-29D6-4FA3-AD2F-7E4CA3A010FC} = {3568D14B-EA8C-4B75-92DB-EA078E3559A1}
		{DF4E43C3-0425-4BD7-BBF0-ED79A94C0BC3} = {814EDAA8-29D6-4FA3-AD2F-7E4CA3A010FC}
		{96D136D7-6F1D-46F9-AE2D-617EABCD9773} = {DF4E43C3-0425-4BD7-BBF0-ED79A94C0BC3}
		{E3B414AD-88AE-49A9-AF69-5D75E34BCBF2} = {79BB3579-86AD-4851-9DC8-E05B7D1D49ED}
	EndGlobalSection
	GlobalSection(ExtensibilityGlobals) = postSolution
		SolutionGuid = {8BED7DB4-A67C-405F-B634-9D17F10D9751}
	EndGlobalSection
EndGlobal
